
Microsoft Visual Studio Solution File, Format Version 12.00
Project("{FAE04EC0-301F-11D3-BF4B-00C04F79EFBC}") = "LuckyFish.Site", "LuckyFish.Site\LuckyFish.Site.csproj", "{9796CA8C-4D50-4330-B977-766494A8DACF}"
EndProject
Global
	GlobalSection(SolutionConfigurationPlatforms) = preSolution
		Debug|Any CPU = Debug|Any CPU
		Release|Any CPU = Release|Any CPU
	EndGlobalSection
	GlobalSection(ProjectConfigurationPlatforms) = postSolution
		{9796CA8C-4D50-4330-B977-766494A8DACF}.Debug|Any CPU.ActiveCfg = Debug|Any CPU
		{9796CA8C-4D50-4330-B977-766494A8DACF}.Debug|Any CPU.Build.0 = Debug|Any CPU
		{9796CA8C-4D50-4330-B977-766494A8DACF}.Release|Any CPU.ActiveCfg = Release|Any CPU
		{9796CA8C-4D50-4330-B977-766494A8DACF}.Release|Any CPU.Build.0 = Release|Any CPU
	EndGlobalSection
EndGlobal
